// !$*UTF8*$!
{
	archiveVersion = 1;
	classes = {
	};
	objectVersion = 46;
	objects = {

/* Begin PBXBuildFile section */
		042AE4AD1AC25A970037ACD9 /* XRNetInterface.h in Headers */ = {isa = PBXBuildFile; fileRef = 042AE4AC1AC25A970037ACD9 /* XRNetInterface.h */; settings = {ATTRIBUTES = (Public, ); }; };
		042AE4EF1AC25B260037ACD9 /* AFHTTPRequestOperation.h in Headers */ = {isa = PBXBuildFile; fileRef = 042AE4C41AC25B260037ACD9 /* AFHTTPRequestOperation.h */; };
		042AE4F01AC25B260037ACD9 /* AFHTTPRequestOperation.m in Sources */ = {isa = PBXBuildFile; fileRef = 042AE4C51AC25B260037ACD9 /* AFHTTPRequestOperation.m */; };
		042AE4F11AC25B260037ACD9 /* AFHTTPRequestOperationManager.h in Headers */ = {isa = PBXBuildFile; fileRef = 042AE4C61AC25B260037ACD9 /* AFHTTPRequestOperationManager.h */; };
		042AE4F21AC25B260037ACD9 /* AFHTTPRequestOperationManager.m in Sources */ = {isa = PBXBuildFile; fileRef = 042AE4C71AC25B260037ACD9 /* AFHTTPRequestOperationManager.m */; };
		042AE4F31AC25B260037ACD9 /* AFHTTPSessionManager.h in Headers */ = {isa = PBXBuildFile; fileRef = 042AE4C81AC25B260037ACD9 /* AFHTTPSessionManager.h */; };
		042AE4F41AC25B260037ACD9 /* AFHTTPSessionManager.m in Sources */ = {isa = PBXBuildFile; fileRef = 042AE4C91AC25B260037ACD9 /* AFHTTPSessionManager.m */; };
		042AE4F51AC25B260037ACD9 /* AFNetworking.h in Headers */ = {isa = PBXBuildFile; fileRef = 042AE4CA1AC25B260037ACD9 /* AFNetworking.h */; };
		042AE4F61AC25B260037ACD9 /* AFNetworkReachabilityManager.h in Headers */ = {isa = PBXBuildFile; fileRef = 042AE4CB1AC25B260037ACD9 /* AFNetworkReachabilityManager.h */; };
		042AE4F71AC25B260037ACD9 /* AFNetworkReachabilityManager.m in Sources */ = {isa = PBXBuildFile; fileRef = 042AE4CC1AC25B260037ACD9 /* AFNetworkReachabilityManager.m */; };
		042AE4F81AC25B260037ACD9 /* AFSecurityPolicy.h in Headers */ = {isa = PBXBuildFile; fileRef = 042AE4CD1AC25B260037ACD9 /* AFSecurityPolicy.h */; };
		042AE4F91AC25B260037ACD9 /* AFSecurityPolicy.m in Sources */ = {isa = PBXBuildFile; fileRef = 042AE4CE1AC25B260037ACD9 /* AFSecurityPolicy.m */; };
		042AE4FA1AC25B260037ACD9 /* AFURLConnectionOperation.h in Headers */ = {isa = PBXBuildFile; fileRef = 042AE4CF1AC25B260037ACD9 /* AFURLConnectionOperation.h */; };
		042AE4FB1AC25B260037ACD9 /* AFURLConnectionOperation.m in Sources */ = {isa = PBXBuildFile; fileRef = 042AE4D01AC25B260037ACD9 /* AFURLConnectionOperation.m */; };
		042AE4FC1AC25B260037ACD9 /* AFURLRequestSerialization.h in Headers */ = {isa = PBXBuildFile; fileRef = 042AE4D11AC25B260037ACD9 /* AFURLRequestSerialization.h */; };
		042AE4FD1AC25B260037ACD9 /* AFURLRequestSerialization.m in Sources */ = {isa = PBXBuildFile; fileRef = 042AE4D21AC25B260037ACD9 /* AFURLRequestSerialization.m */; };
		042AE4FE1AC25B260037ACD9 /* AFURLResponseSerialization.h in Headers */ = {isa = PBXBuildFile; fileRef = 042AE4D31AC25B260037ACD9 /* AFURLResponseSerialization.h */; };
		042AE4FF1AC25B260037ACD9 /* AFURLResponseSerialization.m in Sources */ = {isa = PBXBuildFile; fileRef = 042AE4D41AC25B260037ACD9 /* AFURLResponseSerialization.m */; };
		042AE5001AC25B260037ACD9 /* AFURLSessionManager.h in Headers */ = {isa = PBXBuildFile; fileRef = 042AE4D51AC25B260037ACD9 /* AFURLSessionManager.h */; };
		042AE5011AC25B260037ACD9 /* AFURLSessionManager.m in Sources */ = {isa = PBXBuildFile; fileRef = 042AE4D61AC25B260037ACD9 /* AFURLSessionManager.m */; };
		042AE5021AC25B260037ACD9 /* JsonBuilder.h in Headers */ = {isa = PBXBuildFile; fileRef = 042AE4D71AC25B260037ACD9 /* JsonBuilder.h */; settings = {ATTRIBUTES = (Public, ); }; };
		042AE5031AC25B260037ACD9 /* JsonBuilder.m in Sources */ = {isa = PBXBuildFile; fileRef = 042AE4D81AC25B260037ACD9 /* JsonBuilder.m */; };
		042AE5041AC25B260037ACD9 /* NetInterFace.h in Headers */ = {isa = PBXBuildFile; fileRef = 042AE4D91AC25B260037ACD9 /* NetInterFace.h */; };
		042AE5051AC25B260037ACD9 /* NetInterFace.m in Sources */ = {isa = PBXBuildFile; fileRef = 042AE4DA1AC25B260037ACD9 /* NetInterFace.m */; };
		042AE5061AC25B260037ACD9 /* NetInterfaceManager.h in Headers */ = {isa = PBXBuildFile; fileRef = 042AE4DB1AC25B260037ACD9 /* NetInterfaceManager.h */; settings = {ATTRIBUTES = (Public, ); }; };
		042AE5071AC25B260037ACD9 /* NetInterfaceManager.m in Sources */ = {isa = PBXBuildFile; fileRef = 042AE4DC1AC25B260037ACD9 /* NetInterfaceManager.m */; };
		042AE5081AC25B260037ACD9 /* AFNetworkActivityIndicatorManager.h in Headers */ = {isa = PBXBuildFile; fileRef = 042AE4DE1AC25B260037ACD9 /* AFNetworkActivityIndicatorManager.h */; };
		042AE5091AC25B260037ACD9 /* AFNetworkActivityIndicatorManager.m in Sources */ = {isa = PBXBuildFile; fileRef = 042AE4DF1AC25B260037ACD9 /* AFNetworkActivityIndicatorManager.m */; };
		042AE50A1AC25B260037ACD9 /* UIActivityIndicatorView+AFNetworking.h in Headers */ = {isa = PBXBuildFile; fileRef = 042AE4E01AC25B260037ACD9 /* UIActivityIndicatorView+AFNetworking.h */; };
		042AE50B1AC25B260037ACD9 /* UIActivityIndicatorView+AFNetworking.m in Sources */ = {isa = PBXBuildFile; fileRef = 042AE4E11AC25B260037ACD9 /* UIActivityIndicatorView+AFNetworking.m */; };
		042AE50C1AC25B260037ACD9 /* UIAlertView+AFNetworking.h in Headers */ = {isa = PBXBuildFile; fileRef = 042AE4E21AC25B260037ACD9 /* UIAlertView+AFNetworking.h */; };
		042AE50D1AC25B260037ACD9 /* UIAlertView+AFNetworking.m in Sources */ = {isa = PBXBuildFile; fileRef = 042AE4E31AC25B260037ACD9 /* UIAlertView+AFNetworking.m */; };
		042AE50E1AC25B260037ACD9 /* UIButton+AFNetworking.h in Headers */ = {isa = PBXBuildFile; fileRef = 042AE4E41AC25B260037ACD9 /* UIButton+AFNetworking.h */; };
		042AE50F1AC25B260037ACD9 /* UIButton+AFNetworking.m in Sources */ = {isa = PBXBuildFile; fileRef = 042AE4E51AC25B260037ACD9 /* UIButton+AFNetworking.m */; };
		042AE5101AC25B260037ACD9 /* UIImageView+AFNetworking.h in Headers */ = {isa = PBXBuildFile; fileRef = 042AE4E61AC25B260037ACD9 /* UIImageView+AFNetworking.h */; settings = {ATTRIBUTES = (Public, ); }; };
		042AE5111AC25B260037ACD9 /* UIImageView+AFNetworking.m in Sources */ = {isa = PBXBuildFile; fileRef = 042AE4E71AC25B260037ACD9 /* UIImageView+AFNetworking.m */; };
		042AE5121AC25B260037ACD9 /* UIKit+AFNetworking.h in Headers */ = {isa = PBXBuildFile; fileRef = 042AE4E81AC25B260037ACD9 /* UIKit+AFNetworking.h */; };
		042AE5131AC25B260037ACD9 /* UIProgressView+AFNetworking.h in Headers */ = {isa = PBXBuildFile; fileRef = 042AE4E91AC25B260037ACD9 /* UIProgressView+AFNetworking.h */; };
		042AE5141AC25B260037ACD9 /* UIProgressView+AFNetworking.m in Sources */ = {isa = PBXBuildFile; fileRef = 042AE4EA1AC25B260037ACD9 /* UIProgressView+AFNetworking.m */; };
		042AE5151AC25B260037ACD9 /* UIRefreshControl+AFNetworking.h in Headers */ = {isa = PBXBuildFile; fileRef = 042AE4EB1AC25B260037ACD9 /* UIRefreshControl+AFNetworking.h */; };
		042AE5161AC25B260037ACD9 /* UIRefreshControl+AFNetworking.m in Sources */ = {isa = PBXBuildFile; fileRef = 042AE4EC1AC25B260037ACD9 /* UIRefreshControl+AFNetworking.m */; };
		042AE5171AC25B260037ACD9 /* UIWebView+AFNetworking.h in Headers */ = {isa = PBXBuildFile; fileRef = 042AE4ED1AC25B260037ACD9 /* UIWebView+AFNetworking.h */; };
		042AE5181AC25B260037ACD9 /* UIWebView+AFNetworking.m in Sources */ = {isa = PBXBuildFile; fileRef = 042AE4EE1AC25B260037ACD9 /* UIWebView+AFNetworking.m */; };
		042AE51A1AC25B300037ACD9 /* NetHeader.pch in Headers */ = {isa = PBXBuildFile; fileRef = 042AE5191AC25B300037ACD9 /* NetHeader.pch */; };
		8A46433A1B09F42D00CF5B69 /* ResultDataModel.h in Headers */ = {isa = PBXBuildFile; fileRef = 8A4643381B09F42D00CF5B69 /* ResultDataModel.h */; settings = {ATTRIBUTES = (Public, ); }; };
		8A46433B1B09F42D00CF5B69 /* ResultDataModel.m in Sources */ = {isa = PBXBuildFile; fileRef = 8A4643391B09F42D00CF5B69 /* ResultDataModel.m */; };
		8A4643611B0A00F400CF5B69 /* XRCommon.framework in Frameworks */ = {isa = PBXBuildFile; fileRef = 8A4643601B0A00F400CF5B69 /* XRCommon.framework */; };
		8ABC77731B14568900848572 /* EnvPreferences.h in Headers */ = {isa = PBXBuildFile; fileRef = 8ABC77711B14568900848572 /* EnvPreferences.h */; settings = {ATTRIBUTES = (Public, ); }; };
		8ABC77741B14568900848572 /* EnvPreferences.m in Sources */ = {isa = PBXBuildFile; fileRef = 8ABC77721B14568900848572 /* EnvPreferences.m */; };
		8ABC77771B14569500848572 /* HomeInfoCache.h in Headers */ = {isa = PBXBuildFile; fileRef = 8ABC77751B14569500848572 /* HomeInfoCache.h */; settings = {ATTRIBUTES = (Public, ); }; };
		8ABC77781B14569500848572 /* HomeInfoCache.m in Sources */ = {isa = PBXBuildFile; fileRef = 8ABC77761B14569500848572 /* HomeInfoCache.m */; };
		8AC7177F1B0C3BEA00F63F70 /* FMDBUtils.h in Headers */ = {isa = PBXBuildFile; fileRef = 8AC7177D1B0C3BEA00F63F70 /* FMDBUtils.h */; settings = {ATTRIBUTES = (Public, ); }; };
		8AC717801B0C3BEA00F63F70 /* FMDBUtils.m in Sources */ = {isa = PBXBuildFile; fileRef = 8AC7177E1B0C3BEA00F63F70 /* FMDBUtils.m */; };
		8AC717951B0C67CC00F63F70 /* FMDatabase.h in Headers */ = {isa = PBXBuildFile; fileRef = 8AC7178A1B0C67CC00F63F70 /* FMDatabase.h */; };
		8AC717961B0C67CC00F63F70 /* FMDatabase.m in Sources */ = {isa = PBXBuildFile; fileRef = 8AC7178B1B0C67CC00F63F70 /* FMDatabase.m */; };
		8AC717971B0C67CC00F63F70 /* FMDatabaseAdditions.h in Headers */ = {isa = PBXBuildFile; fileRef = 8AC7178C1B0C67CC00F63F70 /* FMDatabaseAdditions.h */; };
		8AC717981B0C67CC00F63F70 /* FMDatabaseAdditions.m in Sources */ = {isa = PBXBuildFile; fileRef = 8AC7178D1B0C67CC00F63F70 /* FMDatabaseAdditions.m */; };
		8AC717991B0C67CC00F63F70 /* FMDatabasePool.h in Headers */ = {isa = PBXBuildFile; fileRef = 8AC7178E1B0C67CC00F63F70 /* FMDatabasePool.h */; };
		8AC7179A1B0C67CC00F63F70 /* FMDatabasePool.m in Sources */ = {isa = PBXBuildFile; fileRef = 8AC7178F1B0C67CC00F63F70 /* FMDatabasePool.m */; };
		8AC7179B1B0C67CC00F63F70 /* FMDatabaseQueue.h in Headers */ = {isa = PBXBuildFile; fileRef = 8AC717901B0C67CC00F63F70 /* FMDatabaseQueue.h */; };
		8AC7179C1B0C67CC00F63F70 /* FMDatabaseQueue.m in Sources */ = {isa = PBXBuildFile; fileRef = 8AC717911B0C67CC00F63F70 /* FMDatabaseQueue.m */; };
		8AC7179D1B0C67CC00F63F70 /* FMDB.h in Headers */ = {isa = PBXBuildFile; fileRef = 8AC717921B0C67CC00F63F70 /* FMDB.h */; };
		8AC7179E1B0C67CC00F63F70 /* FMResultSet.h in Headers */ = {isa = PBXBuildFile; fileRef = 8AC717931B0C67CC00F63F70 /* FMResultSet.h */; settings = {ATTRIBUTES = (Public, ); }; };
		8AC7179F1B0C67CC00F63F70 /* FMResultSet.m in Sources */ = {isa = PBXBuildFile; fileRef = 8AC717941B0C67CC00F63F70 /* FMResultSet.m */; };
/* End PBXBuildFile section */

/* Begin PBXFileReference section */
		042AE4A71AC25A970037ACD9 /* XRNetInterface.framework */ = {isa = PBXFileReference; explicitFileType = wrapper.framework; includeInIndex = 0; path = XRNetInterface.framework; sourceTree = BUILT_PRODUCTS_DIR; };
		042AE4AB1AC25A970037ACD9 /* Info.plist */ = {isa = PBXFileReference; lastKnownFileType = text.plist.xml; path = Info.plist; sourceTree = "<group>"; };
		042AE4AC1AC25A970037ACD9 /* XRNetInterface.h */ = {isa = PBXFileReference; lastKnownFileType = sourcecode.c.h; path = XRNetInterface.h; sourceTree = "<group>"; };
		042AE4C41AC25B260037ACD9 /* AFHTTPRequestOperation.h */ = {isa = PBXFileReference; fileEncoding = 4; lastKnownFileType = sourcecode.c.h; path = AFHTTPRequestOperation.h; sourceTree = "<group>"; };
		042AE4C51AC25B260037ACD9 /* AFHTTPRequestOperation.m */ = {isa = PBXFileReference; fileEncoding = 4; lastKnownFileType = sourcecode.c.objc; path = AFHTTPRequestOperation.m; sourceTree = "<group>"; };
		042AE4C61AC25B260037ACD9 /* AFHTTPRequestOperationManager.h */ = {isa = PBXFileReference; fileEncoding = 4; lastKnownFileType = sourcecode.c.h; path = AFHTTPRequestOperationManager.h; sourceTree = "<group>"; };
		042AE4C71AC25B260037ACD9 /* AFHTTPRequestOperationManager.m */ = {isa = PBXFileReference; fileEncoding = 4; lastKnownFileType = sourcecode.c.objc; path = AFHTTPRequestOperationManager.m; sourceTree = "<group>"; };
		042AE4C81AC25B260037ACD9 /* AFHTTPSessionManager.h */ = {isa = PBXFileReference; fileEncoding = 4; lastKnownFileType = sourcecode.c.h; path = AFHTTPSessionManager.h; sourceTree = "<group>"; };
		042AE4C91AC25B260037ACD9 /* AFHTTPSessionManager.m */ = {isa = PBXFileReference; fileEncoding = 4; lastKnownFileType = sourcecode.c.objc; path = AFHTTPSessionManager.m; sourceTree = "<group>"; };
		042AE4CA1AC25B260037ACD9 /* AFNetworking.h */ = {isa = PBXFileReference; fileEncoding = 4; lastKnownFileType = sourcecode.c.h; path = AFNetworking.h; sourceTree = "<group>"; };
		042AE4CB1AC25B260037ACD9 /* AFNetworkReachabilityManager.h */ = {isa = PBXFileReference; fileEncoding = 4; lastKnownFileType = sourcecode.c.h; path = AFNetworkReachabilityManager.h; sourceTree = "<group>"; };
		042AE4CC1AC25B260037ACD9 /* AFNetworkReachabilityManager.m */ = {isa = PBXFileReference; fileEncoding = 4; lastKnownFileType = sourcecode.c.objc; path = AFNetworkReachabilityManager.m; sourceTree = "<group>"; };
		042AE4CD1AC25B260037ACD9 /* AFSecurityPolicy.h */ = {isa = PBXFileReference; fileEncoding = 4; lastKnownFileType = sourcecode.c.h; path = AFSecurityPolicy.h; sourceTree = "<group>"; };
		042AE4CE1AC25B260037ACD9 /* AFSecurityPolicy.m */ = {isa = PBXFileReference; fileEncoding = 4; lastKnownFileType = sourcecode.c.objc; path = AFSecurityPolicy.m; sourceTree = "<group>"; };
		042AE4CF1AC25B260037ACD9 /* AFURLConnectionOperation.h */ = {isa = PBXFileReference; fileEncoding = 4; lastKnownFileType = sourcecode.c.h; path = AFURLConnectionOperation.h; sourceTree = "<group>"; };
		042AE4D01AC25B260037ACD9 /* AFURLConnectionOperation.m */ = {isa = PBXFileReference; fileEncoding = 4; lastKnownFileType = sourcecode.c.objc; path = AFURLConnectionOperation.m; sourceTree = "<group>"; };
		042AE4D11AC25B260037ACD9 /* AFURLRequestSerialization.h */ = {isa = PBXFileReference; fileEncoding = 4; lastKnownFileType = sourcecode.c.h; path = AFURLRequestSerialization.h; sourceTree = "<group>"; };
		042AE4D21AC25B260037ACD9 /* AFURLRequestSerialization.m */ = {isa = PBXFileReference; fileEncoding = 4; lastKnownFileType = sourcecode.c.objc; path = AFURLRequestSerialization.m; sourceTree = "<group>"; };
		042AE4D31AC25B260037ACD9 /* AFURLResponseSerialization.h */ = {isa = PBXFileReference; fileEncoding = 4; lastKnownFileType = sourcecode.c.h; path = AFURLResponseSerialization.h; sourceTree = "<group>"; };
		042AE4D41AC25B260037ACD9 /* AFURLResponseSerialization.m */ = {isa = PBXFileReference; fileEncoding = 4; lastKnownFileType = sourcecode.c.objc; path = AFURLResponseSerialization.m; sourceTree = "<group>"; };
		042AE4D51AC25B260037ACD9 /* AFURLSessionManager.h */ = {isa = PBXFileReference; fileEncoding = 4; lastKnownFileType = sourcecode.c.h; path = AFURLSessionManager.h; sourceTree = "<group>"; };
		042AE4D61AC25B260037ACD9 /* AFURLSessionManager.m */ = {isa = PBXFileReference; fileEncoding = 4; lastKnownFileType = sourcecode.c.objc; path = AFURLSessionManager.m; sourceTree = "<group>"; };
		042AE4D71AC25B260037ACD9 /* JsonBuilder.h */ = {isa = PBXFileReference; fileEncoding = 4; lastKnownFileType = sourcecode.c.h; path = JsonBuilder.h; sourceTree = "<group>"; };
		042AE4D81AC25B260037ACD9 /* JsonBuilder.m */ = {isa = PBXFileReference; fileEncoding = 4; lastKnownFileType = sourcecode.c.objc; path = JsonBuilder.m; sourceTree = "<group>"; };
		042AE4D91AC25B260037ACD9 /* NetInterFace.h */ = {isa = PBXFileReference; fileEncoding = 4; lastKnownFileType = sourcecode.c.h; path = NetInterFace.h; sourceTree = "<group>"; };
		042AE4DA1AC25B260037ACD9 /* NetInterFace.m */ = {isa = PBXFileReference; fileEncoding = 4; lastKnownFileType = sourcecode.c.objc; path = NetInterFace.m; sourceTree = "<group>"; };
		042AE4DB1AC25B260037ACD9 /* NetInterfaceManager.h */ = {isa = PBXFileReference; fileEncoding = 4; lastKnownFileType = sourcecode.c.h; path = NetInterfaceManager.h; sourceTree = "<group>"; };
		042AE4DC1AC25B260037ACD9 /* NetInterfaceManager.m */ = {isa = PBXFileReference; fileEncoding = 4; lastKnownFileType = sourcecode.c.objc; path = NetInterfaceManager.m; sourceTree = "<group>"; };
		042AE4DE1AC25B260037ACD9 /* AFNetworkActivityIndicatorManager.h */ = {isa = PBXFileReference; fileEncoding = 4; lastKnownFileType = sourcecode.c.h; path = AFNetworkActivityIndicatorManager.h; sourceTree = "<group>"; };
		042AE4DF1AC25B260037ACD9 /* AFNetworkActivityIndicatorManager.m */ = {isa = PBXFileReference; fileEncoding = 4; lastKnownFileType = sourcecode.c.objc; path = AFNetworkActivityIndicatorManager.m; sourceTree = "<group>"; };
		042AE4E01AC25B260037ACD9 /* UIActivityIndicatorView+AFNetworking.h */ = {isa = PBXFileReference; fileEncoding = 4; lastKnownFileType = sourcecode.c.h; path = "UIActivityIndicatorView+AFNetworking.h"; sourceTree = "<group>"; };
		042AE4E11AC25B260037ACD9 /* UIActivityIndicatorView+AFNetworking.m */ = {isa = PBXFileReference; fileEncoding = 4; lastKnownFileType = sourcecode.c.objc; path = "UIActivityIndicatorView+AFNetworking.m"; sourceTree = "<group>"; };
		042AE4E21AC25B260037ACD9 /* UIAlertView+AFNetworking.h */ = {isa = PBXFileReference; fileEncoding = 4; lastKnownFileType = sourcecode.c.h; path = "UIAlertView+AFNetworking.h"; sourceTree = "<group>"; };
		042AE4E31AC25B260037ACD9 /* UIAlertView+AFNetworking.m */ = {isa = PBXFileReference; fileEncoding = 4; lastKnownFileType = sourcecode.c.objc; path = "UIAlertView+AFNetworking.m"; sourceTree = "<group>"; };
		042AE4E41AC25B260037ACD9 /* UIButton+AFNetworking.h */ = {isa = PBXFileReference; fileEncoding = 4; lastKnownFileType = sourcecode.c.h; path = "UIButton+AFNetworking.h"; sourceTree = "<group>"; };
		042AE4E51AC25B260037ACD9 /* UIButton+AFNetworking.m */ = {isa = PBXFileReference; fileEncoding = 4; lastKnownFileType = sourcecode.c.objc; path = "UIButton+AFNetworking.m"; sourceTree = "<group>"; };
		042AE4E61AC25B260037ACD9 /* UIImageView+AFNetworking.h */ = {isa = PBXFileReference; fileEncoding = 4; lastKnownFileType = sourcecode.c.h; path = "UIImageView+AFNetworking.h"; sourceTree = "<group>"; };
		042AE4E71AC25B260037ACD9 /* UIImageView+AFNetworking.m */ = {isa = PBXFileReference; fileEncoding = 4; lastKnownFileType = sourcecode.c.objc; path = "UIImageView+AFNetworking.m"; sourceTree = "<group>"; };
		042AE4E81AC25B260037ACD9 /* UIKit+AFNetworking.h */ = {isa = PBXFileReference; fileEncoding = 4; lastKnownFileType = sourcecode.c.h; path = "UIKit+AFNetworking.h"; sourceTree = "<group>"; };
		042AE4E91AC25B260037ACD9 /* UIProgressView+AFNetworking.h */ = {isa = PBXFileReference; fileEncoding = 4; lastKnownFileType = sourcecode.c.h; path = "UIProgressView+AFNetworking.h"; sourceTree = "<group>"; };
		042AE4EA1AC25B260037ACD9 /* UIProgressView+AFNetworking.m */ = {isa = PBXFileReference; fileEncoding = 4; lastKnownFileType = sourcecode.c.objc; path = "UIProgressView+AFNetworking.m"; sourceTree = "<group>"; };
		042AE4EB1AC25B260037ACD9 /* UIRefreshControl+AFNetworking.h */ = {isa = PBXFileReference; fileEncoding = 4; lastKnownFileType = sourcecode.c.h; path = "UIRefreshControl+AFNetworking.h"; sourceTree = "<group>"; };
		042AE4EC1AC25B260037ACD9 /* UIRefreshControl+AFNetworking.m */ = {isa = PBXFileReference; fileEncoding = 4; lastKnownFileType = sourcecode.c.objc; path = "UIRefreshControl+AFNetworking.m"; sourceTree = "<group>"; };
		042AE4ED1AC25B260037ACD9 /* UIWebView+AFNetworking.h */ = {isa = PBXFileReference; fileEncoding = 4; lastKnownFileType = sourcecode.c.h; path = "UIWebView+AFNetworking.h"; sourceTree = "<group>"; };
		042AE4EE1AC25B260037ACD9 /* UIWebView+AFNetworking.m */ = {isa = PBXFileReference; fileEncoding = 4; lastKnownFileType = sourcecode.c.objc; path = "UIWebView+AFNetworking.m"; sourceTree = "<group>"; };
		042AE5191AC25B300037ACD9 /* NetHeader.pch */ = {isa = PBXFileReference; fileEncoding = 4; lastKnownFileType = sourcecode.c.h; path = NetHeader.pch; sourceTree = SOURCE_ROOT; };
		8A4643381B09F42D00CF5B69 /* ResultDataModel.h */ = {isa = PBXFileReference; fileEncoding = 4; lastKnownFileType = sourcecode.c.h; path = ResultDataModel.h; sourceTree = "<group>"; };
		8A4643391B09F42D00CF5B69 /* ResultDataModel.m */ = {isa = PBXFileReference; fileEncoding = 4; lastKnownFileType = sourcecode.c.objc; path = ResultDataModel.m; sourceTree = "<group>"; };
		8A4643601B0A00F400CF5B69 /* XRCommon.framework */ = {isa = PBXFileReference; lastKnownFileType = wrapper.framework; name = XRCommon.framework; path = "../../../../../../Library/Developer/Xcode/DerivedData/XinRanB3-ejkshwatvfnuwhcxrnfuvmttkeom/Build/Products/Debug-iphoneos/XRCommon.framework"; sourceTree = "<group>"; };
		8ABC77711B14568900848572 /* EnvPreferences.h */ = {isa = PBXFileReference; fileEncoding = 4; lastKnownFileType = sourcecode.c.h; path = EnvPreferences.h; sourceTree = "<group>"; };
		8ABC77721B14568900848572 /* EnvPreferences.m */ = {isa = PBXFileReference; fileEncoding = 4; lastKnownFileType = sourcecode.c.objc; path = EnvPreferences.m; sourceTree = "<group>"; };
		8ABC77751B14569500848572 /* HomeInfoCache.h */ = {isa = PBXFileReference; fileEncoding = 4; lastKnownFileType = sourcecode.c.h; path = HomeInfoCache.h; sourceTree = "<group>"; };
		8ABC77761B14569500848572 /* HomeInfoCache.m */ = {isa = PBXFileReference; fileEncoding = 4; lastKnownFileType = sourcecode.c.objc; path = HomeInfoCache.m; sourceTree = "<group>"; };
		8AC7177D1B0C3BEA00F63F70 /* FMDBUtils.h */ = {isa = PBXFileReference; fileEncoding = 4; lastKnownFileType = sourcecode.c.h; path = FMDBUtils.h; sourceTree = "<group>"; };
		8AC7177E1B0C3BEA00F63F70 /* FMDBUtils.m */ = {isa = PBXFileReference; fileEncoding = 4; lastKnownFileType = sourcecode.c.objc; path = FMDBUtils.m; sourceTree = "<group>"; };
		8AC7178A1B0C67CC00F63F70 /* FMDatabase.h */ = {isa = PBXFileReference; fileEncoding = 4; lastKnownFileType = sourcecode.c.h; path = FMDatabase.h; sourceTree = "<group>"; };
		8AC7178B1B0C67CC00F63F70 /* FMDatabase.m */ = {isa = PBXFileReference; fileEncoding = 4; lastKnownFileType = sourcecode.c.objc; path = FMDatabase.m; sourceTree = "<group>"; };
		8AC7178C1B0C67CC00F63F70 /* FMDatabaseAdditions.h */ = {isa = PBXFileReference; fileEncoding = 4; lastKnownFileType = sourcecode.c.h; path = FMDatabaseAdditions.h; sourceTree = "<group>"; };
		8AC7178D1B0C67CC00F63F70 /* FMDatabaseAdditions.m */ = {isa = PBXFileReference; fileEncoding = 4; lastKnownFileType = sourcecode.c.objc; path = FMDatabaseAdditions.m; sourceTree = "<group>"; };
		8AC7178E1B0C67CC00F63F70 /* FMDatabasePool.h */ = {isa = PBXFileReference; fileEncoding = 4; lastKnownFileType = sourcecode.c.h; path = FMDatabasePool.h; sourceTree = "<group>"; };
		8AC7178F1B0C67CC00F63F70 /* FMDatabasePool.m */ = {isa = PBXFileReference; fileEncoding = 4; lastKnownFileType = sourcecode.c.objc; path = FMDatabasePool.m; sourceTree = "<group>"; };
		8AC717901B0C67CC00F63F70 /* FMDatabaseQueue.h */ = {isa = PBXFileReference; fileEncoding = 4; lastKnownFileType = sourcecode.c.h; path = FMDatabaseQueue.h; sourceTree = "<group>"; };
		8AC717911B0C67CC00F63F70 /* FMDatabaseQueue.m */ = {isa = PBXFileReference; fileEncoding = 4; lastKnownFileType = sourcecode.c.objc; path = FMDatabaseQueue.m; sourceTree = "<group>"; };
		8AC717921B0C67CC00F63F70 /* FMDB.h */ = {isa = PBXFileReference; fileEncoding = 4; lastKnownFileType = sourcecode.c.h; path = FMDB.h; sourceTree = "<group>"; };
		8AC717931B0C67CC00F63F70 /* FMResultSet.h */ = {isa = PBXFileReference; fileEncoding = 4; lastKnownFileType = sourcecode.c.h; path = FMResultSet.h; sourceTree = "<group>"; };
		8AC717941B0C67CC00F63F70 /* FMResultSet.m */ = {isa = PBXFileReference; fileEncoding = 4; lastKnownFileType = sourcecode.c.objc; path = FMResultSet.m; sourceTree = "<group>"; };
/* End PBXFileReference section */

/* Begin PBXFrameworksBuildPhase section */
		042AE4A31AC25A970037ACD9 /* Frameworks */ = {
			isa = PBXFrameworksBuildPhase;
			buildActionMask = 2147483647;
			files = (
				8A4643611B0A00F400CF5B69 /* XRCommon.framework in Frameworks */,
			);
			runOnlyForDeploymentPostprocessing = 0;
		};
/* End PBXFrameworksBuildPhase section */

/* Begin PBXGroup section */
		042AE49D1AC25A970037ACD9 = {
			isa = PBXGroup;
			children = (
				042AE4A91AC25A970037ACD9 /* XRNetInterface */,
				042AE4A81AC25A970037ACD9 /* Products */,
				8AC7170D1B0ADE7100F63F70 /* Framework */,
			);
			sourceTree = "<group>";
		};
		042AE4A81AC25A970037ACD9 /* Products */ = {
			isa = PBXGroup;
			children = (
				042AE4A71AC25A970037ACD9 /* XRNetInterface.framework */,
			);
			name = Products;
			sourceTree = "<group>";
		};
		042AE4A91AC25A970037ACD9 /* XRNetInterface */ = {
			isa = PBXGroup;
			children = (
				8ABC77751B14569500848572 /* HomeInfoCache.h */,
				8ABC77761B14569500848572 /* HomeInfoCache.m */,
				8ABC77711B14568900848572 /* EnvPreferences.h */,
				8ABC77721B14568900848572 /* EnvPreferences.m */,
				8AC7177D1B0C3BEA00F63F70 /* FMDBUtils.h */,
				8AC7177E1B0C3BEA00F63F70 /* FMDBUtils.m */,
				8A4643381B09F42D00CF5B69 /* ResultDataModel.h */,
				8A4643391B09F42D00CF5B69 /* ResultDataModel.m */,
				042AE4D71AC25B260037ACD9 /* JsonBuilder.h */,
				042AE4D81AC25B260037ACD9 /* JsonBuilder.m */,
				042AE4D91AC25B260037ACD9 /* NetInterFace.h */,
				042AE4DA1AC25B260037ACD9 /* NetInterFace.m */,
				042AE4DB1AC25B260037ACD9 /* NetInterfaceManager.h */,
				042AE4DC1AC25B260037ACD9 /* NetInterfaceManager.m */,
				8AC717891B0C67CC00F63F70 /* FMDB */,
				042AE4C31AC25B260037ACD9 /* AFNetworking */,
				042AE4DD1AC25B260037ACD9 /* UIKit+AFNetworking */,
				042AE4AC1AC25A970037ACD9 /* XRNetInterface.h */,
				042AE4AA1AC25A970037ACD9 /* Supporting Files */,
			);
			path = XRNetInterface;
			sourceTree = "<group>";
		};
		042AE4AA1AC25A970037ACD9 /* Supporting Files */ = {
			isa = PBXGroup;
			children = (
				042AE5191AC25B300037ACD9 /* NetHeader.pch */,
				042AE4AB1AC25A970037ACD9 /* Info.plist */,
			);
			name = "Supporting Files";
			sourceTree = "<group>";
		};
		042AE4C31AC25B260037ACD9 /* AFNetworking */ = {
			isa = PBXGroup;
			children = (
				042AE4C41AC25B260037ACD9 /* AFHTTPRequestOperation.h */,
				042AE4C51AC25B260037ACD9 /* AFHTTPRequestOperation.m */,
				042AE4C61AC25B260037ACD9 /* AFHTTPRequestOperationManager.h */,
				042AE4C71AC25B260037ACD9 /* AFHTTPRequestOperationManager.m */,
				042AE4C81AC25B260037ACD9 /* AFHTTPSessionManager.h */,
				042AE4C91AC25B260037ACD9 /* AFHTTPSessionManager.m */,
				042AE4CA1AC25B260037ACD9 /* AFNetworking.h */,
				042AE4CB1AC25B260037ACD9 /* AFNetworkReachabilityManager.h */,
				042AE4CC1AC25B260037ACD9 /* AFNetworkReachabilityManager.m */,
				042AE4CD1AC25B260037ACD9 /* AFSecurityPolicy.h */,
				042AE4CE1AC25B260037ACD9 /* AFSecurityPolicy.m */,
				042AE4CF1AC25B260037ACD9 /* AFURLConnectionOperation.h */,
				042AE4D01AC25B260037ACD9 /* AFURLConnectionOperation.m */,
				042AE4D11AC25B260037ACD9 /* AFURLRequestSerialization.h */,
				042AE4D21AC25B260037ACD9 /* AFURLRequestSerialization.m */,
				042AE4D31AC25B260037ACD9 /* AFURLResponseSerialization.h */,
				042AE4D41AC25B260037ACD9 /* AFURLResponseSerialization.m */,
				042AE4D51AC25B260037ACD9 /* AFURLSessionManager.h */,
				042AE4D61AC25B260037ACD9 /* AFURLSessionManager.m */,
			);
			path = AFNetworking;
			sourceTree = "<group>";
		};
		042AE4DD1AC25B260037ACD9 /* UIKit+AFNetworking */ = {
			isa = PBXGroup;
			children = (
				042AE4DE1AC25B260037ACD9 /* AFNetworkActivityIndicatorManager.h */,
				042AE4DF1AC25B260037ACD9 /* AFNetworkActivityIndicatorManager.m */,
				042AE4E01AC25B260037ACD9 /* UIActivityIndicatorView+AFNetworking.h */,
				042AE4E11AC25B260037ACD9 /* UIActivityIndicatorView+AFNetworking.m */,
				042AE4E21AC25B260037ACD9 /* UIAlertView+AFNetworking.h */,
				042AE4E31AC25B260037ACD9 /* UIAlertView+AFNetworking.m */,
				042AE4E41AC25B260037ACD9 /* UIButton+AFNetworking.h */,
				042AE4E51AC25B260037ACD9 /* UIButton+AFNetworking.m */,
				042AE4E61AC25B260037ACD9 /* UIImageView+AFNetworking.h */,
				042AE4E71AC25B260037ACD9 /* UIImageView+AFNetworking.m */,
				042AE4E81AC25B260037ACD9 /* UIKit+AFNetworking.h */,
				042AE4E91AC25B260037ACD9 /* UIProgressView+AFNetworking.h */,
				042AE4EA1AC25B260037ACD9 /* UIProgressView+AFNetworking.m */,
				042AE4EB1AC25B260037ACD9 /* UIRefreshControl+AFNetworking.h */,
				042AE4EC1AC25B260037ACD9 /* UIRefreshControl+AFNetworking.m */,
				042AE4ED1AC25B260037ACD9 /* UIWebView+AFNetworking.h */,
				042AE4EE1AC25B260037ACD9 /* UIWebView+AFNetworking.m */,
			);
			path = "UIKit+AFNetworking";
			sourceTree = "<group>";
		};
		8AC7170D1B0ADE7100F63F70 /* Framework */ = {
			isa = PBXGroup;
			children = (
				8A4643601B0A00F400CF5B69 /* XRCommon.framework */,
			);
			name = Framework;
			sourceTree = "<group>";
		};
		8AC717891B0C67CC00F63F70 /* FMDB */ = {
			isa = PBXGroup;
			children = (
				8AC7178A1B0C67CC00F63F70 /* FMDatabase.h */,
				8AC7178B1B0C67CC00F63F70 /* FMDatabase.m */,
				8AC7178C1B0C67CC00F63F70 /* FMDatabaseAdditions.h */,
				8AC7178D1B0C67CC00F63F70 /* FMDatabaseAdditions.m */,
				8AC7178E1B0C67CC00F63F70 /* FMDatabasePool.h */,
				8AC7178F1B0C67CC00F63F70 /* FMDatabasePool.m */,
				8AC717901B0C67CC00F63F70 /* FMDatabaseQueue.h */,
				8AC717911B0C67CC00F63F70 /* FMDatabaseQueue.m */,
				8AC717921B0C67CC00F63F70 /* FMDB.h */,
				8AC717931B0C67CC00F63F70 /* FMResultSet.h */,
				8AC717941B0C67CC00F63F70 /* FMResultSet.m */,
			);
			path = FMDB;
			sourceTree = "<group>";
		};
/* End PBXGroup section */

/* Begin PBXHeadersBuildPhase section */
		042AE4A41AC25A970037ACD9 /* Headers */ = {
			isa = PBXHeadersBuildPhase;
			buildActionMask = 2147483647;
			files = (
				8ABC77771B14569500848572 /* HomeInfoCache.h in Headers */,
				8ABC77731B14568900848572 /* EnvPreferences.h in Headers */,
				8AC7179E1B0C67CC00F63F70 /* FMResultSet.h in Headers */,
				8AC7177F1B0C3BEA00F63F70 /* FMDBUtils.h in Headers */,
				8A46433A1B09F42D00CF5B69 /* ResultDataModel.h in Headers */,
				042AE5021AC25B260037ACD9 /* JsonBuilder.h in Headers */,
				042AE5061AC25B260037ACD9 /* NetInterfaceManager.h in Headers */,
				8AC7179D1B0C67CC00F63F70 /* FMDB.h in Headers */,
				042AE5101AC25B260037ACD9 /* UIImageView+AFNetworking.h in Headers */,
				042AE50C1AC25B260037ACD9 /* UIAlertView+AFNetworking.h in Headers */,
				042AE5001AC25B260037ACD9 /* AFURLSessionManager.h in Headers */,
				042AE5151AC25B260037ACD9 /* UIRefreshControl+AFNetworking.h in Headers */,
				042AE4FC1AC25B260037ACD9 /* AFURLRequestSerialization.h in Headers */,
				042AE4AD1AC25A970037ACD9 /* XRNetInterface.h in Headers */,
				042AE4EF1AC25B260037ACD9 /* AFHTTPRequestOperation.h in Headers */,
				042AE4F31AC25B260037ACD9 /* AFHTTPSessionManager.h in Headers */,
				8AC717971B0C67CC00F63F70 /* FMDatabaseAdditions.h in Headers */,
				042AE4FA1AC25B260037ACD9 /* AFURLConnectionOperation.h in Headers */,
				042AE4F61AC25B260037ACD9 /* AFNetworkReachabilityManager.h in Headers */,
				042AE5131AC25B260037ACD9 /* UIProgressView+AFNetworking.h in Headers */,
				042AE50A1AC25B260037ACD9 /* UIActivityIndicatorView+AFNetworking.h in Headers */,
				042AE4F81AC25B260037ACD9 /* AFSecurityPolicy.h in Headers */,
				8AC7179B1B0C67CC00F63F70 /* FMDatabaseQueue.h in Headers */,
				042AE5171AC25B260037ACD9 /* UIWebView+AFNetworking.h in Headers */,
				042AE4F11AC25B260037ACD9 /* AFHTTPRequestOperationManager.h in Headers */,
				042AE4F51AC25B260037ACD9 /* AFNetworking.h in Headers */,
				042AE4FE1AC25B260037ACD9 /* AFURLResponseSerialization.h in Headers */,
				042AE5041AC25B260037ACD9 /* NetInterFace.h in Headers */,
				042AE5081AC25B260037ACD9 /* AFNetworkActivityIndicatorManager.h in Headers */,
				042AE5121AC25B260037ACD9 /* UIKit+AFNetworking.h in Headers */,
				8AC717951B0C67CC00F63F70 /* FMDatabase.h in Headers */,
				042AE51A1AC25B300037ACD9 /* NetHeader.pch in Headers */,
				042AE50E1AC25B260037ACD9 /* UIButton+AFNetworking.h in Headers */,
				8AC717991B0C67CC00F63F70 /* FMDatabasePool.h in Headers */,
			);
			runOnlyForDeploymentPostprocessing = 0;
		};
/* End PBXHeadersBuildPhase section */

/* Begin PBXNativeTarget section */
		042AE4A61AC25A970037ACD9 /* XRNetInterface */ = {
			isa = PBXNativeTarget;
			buildConfigurationList = 042AE4BD1AC25A980037ACD9 /* Build configuration list for PBXNativeTarget "XRNetInterface" */;
			buildPhases = (
				042AE4A21AC25A970037ACD9 /* Sources */,
				042AE4A31AC25A970037ACD9 /* Frameworks */,
				042AE4A41AC25A970037ACD9 /* Headers */,
				042AE4A51AC25A970037ACD9 /* Resources */,
			);
			buildRules = (
			);
			dependencies = (
			);
			name = XRNetInterface;
			productName = XRNetInterface;
			productReference = 042AE4A71AC25A970037ACD9 /* XRNetInterface.framework */;
			productType = "com.apple.product-type.framework";
		};
/* End PBXNativeTarget section */

/* Begin PBXProject section */
		042AE49E1AC25A970037ACD9 /* Project object */ = {
			isa = PBXProject;
			attributes = {
				LastUpgradeCheck = 0610;
				ORGANIZATIONNAME = deshan.com;
				TargetAttributes = {
					042AE4A61AC25A970037ACD9 = {
						CreatedOnToolsVersion = 6.1;
					};
				};
			};
			buildConfigurationList = 042AE4A11AC25A970037ACD9 /* Build configuration list for PBXProject "XRNetInterface" */;
			compatibilityVersion = "Xcode 3.2";
			developmentRegion = English;
			hasScannedForEncodings = 0;
			knownRegions = (
				en,
			);
			mainGroup = 042AE49D1AC25A970037ACD9;
			productRefGroup = 042AE4A81AC25A970037ACD9 /* Products */;
			projectDirPath = "";
			projectRoot = "";
			targets = (
				042AE4A61AC25A970037ACD9 /* XRNetInterface */,
			);
		};
/* End PBXProject section */

/* Begin PBXResourcesBuildPhase section */
		042AE4A51AC25A970037ACD9 /* Resources */ = {
			isa = PBXResourcesBuildPhase;
			buildActionMask = 2147483647;
			files = (
			);
			runOnlyForDeploymentPostprocessing = 0;
		};
/* End PBXResourcesBuildPhase section */

/* Begin PBXSourcesBuildPhase section */
		042AE4A21AC25A970037ACD9 /* Sources */ = {
			isa = PBXSourcesBuildPhase;
			buildActionMask = 2147483647;
			files = (
				042AE5011AC25B260037ACD9 /* AFURLSessionManager.m in Sources */,
				042AE5111AC25B260037ACD9 /* UIImageView+AFNetworking.m in Sources */,
				042AE4F41AC25B260037ACD9 /* AFHTTPSessionManager.m in Sources */,
				042AE4F91AC25B260037ACD9 /* AFSecurityPolicy.m in Sources */,
				042AE5141AC25B260037ACD9 /* UIProgressView+AFNetworking.m in Sources */,
				042AE5071AC25B260037ACD9 /* NetInterfaceManager.m in Sources */,
				042AE4F21AC25B260037ACD9 /* AFHTTPRequestOperationManager.m in Sources */,
				042AE5051AC25B260037ACD9 /* NetInterFace.m in Sources */,
				042AE50F1AC25B260037ACD9 /* UIButton+AFNetworking.m in Sources */,
				042AE50B1AC25B260037ACD9 /* UIActivityIndicatorView+AFNetworking.m in Sources */,
				8ABC77741B14568900848572 /* EnvPreferences.m in Sources */,
				042AE4F71AC25B260037ACD9 /* AFNetworkReachabilityManager.m in Sources */,
				042AE5161AC25B260037ACD9 /* UIRefreshControl+AFNetworking.m in Sources */,
				8ABC77781B14569500848572 /* HomeInfoCache.m in Sources */,
				8AC7179A1B0C67CC00F63F70 /* FMDatabasePool.m in Sources */,
				8AC717961B0C67CC00F63F70 /* FMDatabase.m in Sources */,
				042AE5181AC25B260037ACD9 /* UIWebView+AFNetworking.m in Sources */,
				042AE4FB1AC25B260037ACD9 /* AFURLConnectionOperation.m in Sources */,
				8AC7179C1B0C67CC00F63F70 /* FMDatabaseQueue.m in Sources */,
				8AC7179F1B0C67CC00F63F70 /* FMResultSet.m in Sources */,
				042AE50D1AC25B260037ACD9 /* UIAlertView+AFNetworking.m in Sources */,
				8AC717801B0C3BEA00F63F70 /* FMDBUtils.m in Sources */,
				8A46433B1B09F42D00CF5B69 /* ResultDataModel.m in Sources */,
				042AE4FD1AC25B260037ACD9 /* AFURLRequestSerialization.m in Sources */,
				042AE5091AC25B260037ACD9 /* AFNetworkActivityIndicatorManager.m in Sources */,
				8AC717981B0C67CC00F63F70 /* FMDatabaseAdditions.m in Sources */,
				042AE5031AC25B260037ACD9 /* JsonBuilder.m in Sources */,
				042AE4FF1AC25B260037ACD9 /* AFURLResponseSerialization.m in Sources */,
				042AE4F01AC25B260037ACD9 /* AFHTTPRequestOperation.m in Sources */,
			);
			runOnlyForDeploymentPostprocessing = 0;
		};
/* End PBXSourcesBuildPhase section */

/* Begin XCBuildConfiguration section */
		042AE4BB1AC25A980037ACD9 /* Debug */ = {
			isa = XCBuildConfiguration;
			buildSettings = {
				ALWAYS_SEARCH_USER_PATHS = NO;
				CLANG_CXX_LANGUAGE_STANDARD = "gnu++0x";
				CLANG_CXX_LIBRARY = "libc++";
				CLANG_ENABLE_MODULES = YES;
				CLANG_ENABLE_OBJC_ARC = YES;
				CLANG_WARN_BOOL_CONVERSION = YES;
				CLANG_WARN_CONSTANT_CONVERSION = YES;
				CLANG_WARN_DIRECT_OBJC_ISA_USAGE = YES_ERROR;
				CLANG_WARN_EMPTY_BODY = YES;
				CLANG_WARN_ENUM_CONVERSION = YES;
				CLANG_WARN_INT_CONVERSION = YES;
				CLANG_WARN_OBJC_ROOT_CLASS = YES_ERROR;
				CLANG_WARN_UNREACHABLE_CODE = YES;
				CLANG_WARN__DUPLICATE_METHOD_MATCH = YES;
				"CODE_SIGN_IDENTITY[sdk=iphoneos*]" = "iPhone Developer";
				COPY_PHASE_STRIP = NO;
				CURRENT_PROJECT_VERSION = 1;
				ENABLE_STRICT_OBJC_MSGSEND = YES;
				GCC_C_LANGUAGE_STANDARD = gnu99;
				GCC_DYNAMIC_NO_PIC = NO;
				GCC_OPTIMIZATION_LEVEL = 0;
				GCC_PREPROCESSOR_DEFINITIONS = (
					"DEBUG=1",
					"$(inherited)",
				);
				GCC_SYMBOLS_PRIVATE_EXTERN = NO;
				GCC_WARN_64_TO_32_BIT_CONVERSION = YES;
				GCC_WARN_ABOUT_RETURN_TYPE = YES_ERROR;
				GCC_WARN_UNDECLARED_SELECTOR = YES;
				GCC_WARN_UNINITIALIZED_AUTOS = YES_AGGRESSIVE;
				GCC_WARN_UNUSED_FUNCTION = YES;
				GCC_WARN_UNUSED_VARIABLE = YES;
				IPHONEOS_DEPLOYMENT_TARGET = 7.0;
				MACH_O_TYPE = staticlib;
				MTL_ENABLE_DEBUG_INFO = YES;
				ONLY_ACTIVE_ARCH = YES;
				SDKROOT = iphoneos;
				TARGETED_DEVICE_FAMILY = "1,2";
				VERSIONING_SYSTEM = "apple-generic";
				VERSION_INFO_PREFIX = "";
			};
			name = Debug;
		};
		042AE4BC1AC25A980037ACD9 /* Release */ = {
			isa = XCBuildConfiguration;
			buildSettings = {
				ALWAYS_SEARCH_USER_PATHS = NO;
				CLANG_CXX_LANGUAGE_STANDARD = "gnu++0x";
				CLANG_CXX_LIBRARY = "libc++";
				CLANG_ENABLE_MODULES = YES;
				CLANG_ENABLE_OBJC_ARC = YES;
				CLANG_WARN_BOOL_CONVERSION = YES;
				CLANG_WARN_CONSTANT_CONVERSION = YES;
				CLANG_WARN_DIRECT_OBJC_ISA_USAGE = YES_ERROR;
				CLANG_WARN_EMPTY_BODY = YES;
				CLANG_WARN_ENUM_CONVERSION = YES;
				CLANG_WARN_INT_CONVERSION = YES;
				CLANG_WARN_OBJC_ROOT_CLASS = YES_ERROR;
				CLANG_WARN_UNREACHABLE_CODE = YES;
				CLANG_WARN__DUPLICATE_METHOD_MATCH = YES;
				"CODE_SIGN_IDENTITY[sdk=iphoneos*]" = "iPhone Developer";
				COPY_PHASE_STRIP = YES;
				CURRENT_PROJECT_VERSION = 1;
				ENABLE_NS_ASSERTIONS = NO;
				ENABLE_STRICT_OBJC_MSGSEND = YES;
				GCC_C_LANGUAGE_STANDARD = gnu99;
				GCC_WARN_64_TO_32_BIT_CONVERSION = YES;
				GCC_WARN_ABOUT_RETURN_TYPE = YES_ERROR;
				GCC_WARN_UNDECLARED_SELECTOR = YES;
				GCC_WARN_UNINITIALIZED_AUTOS = YES_AGGRESSIVE;
				GCC_WARN_UNUSED_FUNCTION = YES;
				GCC_WARN_UNUSED_VARIABLE = YES;
				IPHONEOS_DEPLOYMENT_TARGET = 7.0;
				MACH_O_TYPE = staticlib;
				MTL_ENABLE_DEBUG_INFO = NO;
				SDKROOT = iphoneos;
				TARGETED_DEVICE_FAMILY = "1,2";
				VALIDATE_PRODUCT = YES;
				VERSIONING_SYSTEM = "apple-generic";
				VERSION_INFO_PREFIX = "";
			};
			name = Release;
		};
		042AE4BE1AC25A980037ACD9 /* Debug */ = {
			isa = XCBuildConfiguration;
			buildSettings = {
				CODE_SIGN_IDENTITY = "iPhone Developer";
				DEFINES_MODULE = YES;
				DYLIB_COMPATIBILITY_VERSION = 1;
				DYLIB_CURRENT_VERSION = 1;
				DYLIB_INSTALL_NAME_BASE = "@rpath";
				FRAMEWORK_SEARCH_PATHS = (
					"$(inherited)",
					"/Users/mac/Documents/Work/project/XinRan_Mall/XinRanApp_workspace/DerivedData/XinRanApp/Build/Products/Debug-iphoneos",
					"$(USER_LIBRARY_DIR)/Developer/Xcode/DerivedData/XinRanApp-ejdftqxtnrqwjsaejcgtbqidjjdw/Build/Products/Debug-iphoneos",
					"$(USER_LIBRARY_DIR)/Developer/Xcode/DerivedData/XinRanB3-hisqymzjcvspbuaaparswcsqixby/Build/Products/Debug-iphoneos",
					"$(USER_LIBRARY_DIR)/Developer/Xcode/DerivedData/XinRanB3-ejkshwatvfnuwhcxrnfuvmttkeom/Build/Products/Debug-iphoneos",
				);
				GCC_PRECOMPILE_PREFIX_HEADER = YES;
				GCC_PREFIX_HEADER = NetHeader.pch;
				HEADER_SEARCH_PATHS = (
					"$(inherited)",
					"/Applications/Xcode\\ 2.app/Contents/Developer/Toolchains/XcodeDefault.xctoolchain/usr/include",
				);
				INFOPLIST_FILE = XRNetInterface/Info.plist;
				INSTALL_PATH = "$(LOCAL_LIBRARY_DIR)/Frameworks";
				IPHONEOS_DEPLOYMENT_TARGET = 7.0;
				LD_RUNPATH_SEARCH_PATHS = "$(inherited) @executable_path/Frameworks @loader_path/Frameworks";
				MACH_O_TYPE = staticlib;
				PRODUCT_NAME = "$(TARGET_NAME)";
				PROVISIONING_PROFILE = "";
				SKIP_INSTALL = YES;
				TARGETED_DEVICE_FAMILY = "1,2";
			};
			name = Debug;
		};
		042AE4BF1AC25A980037ACD9 /* Release */ = {
			isa = XCBuildConfiguration;
			buildSettings = {
				CODE_SIGN_IDENTITY = "iPhone Developer";
				DEFINES_MODULE = YES;
				DYLIB_COMPATIBILITY_VERSION = 1;
				DYLIB_CURRENT_VERSION = 1;
				DYLIB_INSTALL_NAME_BASE = "@rpath";
				FRAMEWORK_SEARCH_PATHS = (
					"$(inherited)",
					"/Users/mac/Documents/Work/project/XinRan_Mall/XinRanApp_workspace/DerivedData/XinRanApp/Build/Products/Debug-iphoneos",
					"$(USER_LIBRARY_DIR)/Developer/Xcode/DerivedData/XinRanApp-ejdftqxtnrqwjsaejcgtbqidjjdw/Build/Products/Debug-iphoneos",
					"$(USER_LIBRARY_DIR)/Developer/Xcode/DerivedData/XinRanB3-hisqymzjcvspbuaaparswcsqixby/Build/Products/Debug-iphoneos",
					"$(USER_LIBRARY_DIR)/Developer/Xcode/DerivedData/XinRanB3-ejkshwatvfnuwhcxrnfuvmttkeom/Build/Products/Debug-iphoneos",
				);
				GCC_PRECOMPILE_PREFIX_HEADER = YES;
				GCC_PREFIX_HEADER = NetHeader.pch;
				HEADER_SEARCH_PATHS = (
					"$(inherited)",
					"/Applications/Xcode\\ 2.app/Contents/Developer/Toolchains/XcodeDefault.xctoolchain/usr/include",
				);
				INFOPLIST_FILE = XRNetInterface/Info.plist;
				INSTALL_PATH = "$(LOCAL_LIBRARY_DIR)/Frameworks";
				IPHONEOS_DEPLOYMENT_TARGET = 7.0;
				LD_RUNPATH_SEARCH_PATHS = "$(inherited) @executable_path/Frameworks @loader_path/Frameworks";
				MACH_O_TYPE = staticlib;
				PRODUCT_NAME = "$(TARGET_NAME)";
				PROVISIONING_PROFILE = "";
				SKIP_INSTALL = YES;
				TARGETED_DEVICE_FAMILY = "1,2";
			};
			name = Release;
		};
/* End XCBuildConfiguration section */

/* Begin XCConfigurationList section */
		042AE4A11AC25A970037ACD9 /* Build configuration list for PBXProject "XRNetInterface" */ = {
			isa = XCConfigurationList;
			buildConfigurations = (
				042AE4BB1AC25A980037ACD9 /* Debug */,
				042AE4BC1AC25A980037ACD9 /* Release */,
			);
			defaultConfigurationIsVisible = 0;
			defaultConfigurationName = Release;
		};
		042AE4BD1AC25A980037ACD9 /* Build configuration list for PBXNativeTarget "XRNetInterface" */ = {
			isa = XCConfigurationList;
			buildConfigurations = (
				042AE4BE1AC25A980037ACD9 /* Debug */,
				042AE4BF1AC25A980037ACD9 /* Release */,
			);
			defaultConfigurationIsVisible = 0;
			defaultConfigurationName = Release;
		};
/* End XCConfigurationList section */
	};
	rootObject = 042AE49E1AC25A970037ACD9 /* Project object */;
}
